// !$*UTF8*$!
{
	archiveVersion = 1;
	classes = {
	};
	objectVersion = 50;
	objects = {

/* Begin PBXBuildFile section */
		046EC70426B14A2F00E64672 /* AppDelegate.swift in Sources */ = {isa = PBXBuildFile; fileRef = 046EC70326B14A2F00E64672 /* AppDelegate.swift */; };
		046EC70626B14A2F00E64672 /* SceneDelegate.swift in Sources */ = {isa = PBXBuildFile; fileRef = 046EC70526B14A2F00E64672 /* SceneDelegate.swift */; };
		046EC70826B14A2F00E64672 /* ContentView.swift in Sources */ = {isa = PBXBuildFile; fileRef = 046EC70726B14A2F00E64672 /* ContentView.swift */; };
		046EC70A26B14A3400E64672 /* Assets.xcassets in Resources */ = {isa = PBXBuildFile; fileRef = 046EC70926B14A3400E64672 /* Assets.xcassets */; };
		046EC70D26B14A3400E64672 /* Preview Assets.xcassets in Resources */ = {isa = PBXBuildFile; fileRef = 046EC70C26B14A3400E64672 /* Preview Assets.xcassets */; };
		046EC71026B14A3400E64672 /* LaunchScreen.storyboard in Resources */ = {isa = PBXBuildFile; fileRef = 046EC70E26B14A3400E64672 /* LaunchScreen.storyboard */; };
		046EC71826B14FD500E64672 /* ModalSheetView.swift in Sources */ = {isa = PBXBuildFile; fileRef = 046EC71726B14FD500E64672 /* ModalSheetView.swift */; };
		046EC71A26B15D5B00E64672 /* User.swift in Sources */ = {isa = PBXBuildFile; fileRef = 046EC71926B15D5B00E64672 /* User.swift */; };
/* End PBXBuildFile section */

/* Begin PBXFileReference section */
		046EC70026B14A2F00E64672 /* PropertyWrappers.app */ = {isa = PBXFileReference; explicitFileType = wrapper.application; includeInIndex = 0; path = PropertyWrappers.app; sourceTree = BUILT_PRODUCTS_DIR; };
		046EC70326B14A2F00E64672 /* AppDelegate.swift */ = {isa = PBXFileReference; lastKnownFileType = sourcecode.swift; path = AppDelegate.swift; sourceTree = "<group>"; };
		046EC70526B14A2F00E64672 /* SceneDelegate.swift */ = {isa = PBXFileReference; lastKnownFileType = sourcecode.swift; path = SceneDelegate.swift; sourceTree = "<group>"; };
		046EC70726B14A2F00E64672 /* ContentView.swift */ = {isa = PBXFileReference; lastKnownFileType = sourcecode.swift; path = ContentView.swift; sourceTree = "<group>"; };
		046EC70926B14A3400E64672 /* Assets.xcassets */ = {isa = PBXFileReference; lastKnownFileType = folder.assetcatalog; path = Assets.xcassets; sourceTree = "<group>"; };
		046EC70C26B14A3400E64672 /* Preview Assets.xcassets */ = {isa = PBXFileReference; lastKnownFileType = folder.assetcatalog; path = "Preview Assets.xcassets"; sourceTree = "<group>"; };
		046EC70F26B14A3400E64672 /* Base */ = {isa = PBXFileReference; lastKnownFileType = file.storyboard; name = Base; path = Base.lproj/LaunchScreen.storyboard; sourceTree = "<group>"; };
		046EC71126B14A3400E64672 /* Info.plist */ = {isa = PBXFileReference; lastKnownFileType = text.plist.xml; path = Info.plist; sourceTree = "<group>"; };
		046EC71726B14FD500E64672 /* ModalSheetView.swift */ = {isa = PBXFileReference; lastKnownFileType = sourcecode.swift; path = ModalSheetView.swift; sourceTree = "<group>"; };
		046EC71926B15D5B00E64672 /* User.swift */ = {isa = PBXFileReference; lastKnownFileType = sourcecode.swift; path = User.swift; sourceTree = "<group>"; };
/* End PBXFileReference section */

/* Begin PBXFrameworksBuildPhase section */
		046EC6FD26B14A2F00E64672 /* Frameworks */ = {
			isa = PBXFrameworksBuildPhase;
			buildActionMask = 2147483647;
			files = (
			);
			runOnlyForDeploymentPostprocessing = 0;
		};
/* End PBXFrameworksBuildPhase section */

/* Begin PBXGroup section */
		046EC6F726B14A2F00E64672 = {
			isa = PBXGroup;
			children = (
				046EC70226B14A2F00E64672 /* PropertyWrappers */,
				046EC70126B14A2F00E64672 /* Products */,
			);
			sourceTree = "<group>";
		};
		046EC70126B14A2F00E64672 /* Products */ = {
			isa = PBXGroup;
			children = (
				046EC70026B14A2F00E64672 /* PropertyWrappers.app */,
			);
			name = Products;
			sourceTree = "<group>";
		};
		046EC70226B14A2F00E64672 /* PropertyWrappers */ = {
			isa = PBXGroup;
			children = (
				046EC70326B14A2F00E64672 /* AppDelegate.swift */,
				046EC70526B14A2F00E64672 /* SceneDelegate.swift */,
				046EC71926B15D5B00E64672 /* User.swift */,
				046EC70726B14A2F00E64672 /* ContentView.swift */,
				046EC71726B14FD500E64672 /* ModalSheetView.swift */,
				046EC70926B14A3400E64672 /* Assets.xcassets */,
				046EC70E26B14A3400E64672 /* LaunchScreen.storyboard */,
				046EC71126B14A3400E64672 /* Info.plist */,
				046EC70B26B14A3400E64672 /* Preview Content */,
			);
			path = PropertyWrappers;
			sourceTree = "<group>";
		};
		046EC70B26B14A3400E64672 /* Preview Content */ = {
			isa = PBXGroup;
			children = (
				046EC70C26B14A3400E64672 /* Preview Assets.xcassets */,
			);
			path = "Preview Content";
			sourceTree = "<group>";
		};
/* End PBXGroup section */

/* Begin PBXNativeTarget section */
		046EC6FF26B14A2F00E64672 /* PropertyWrappers */ = {
			isa = PBXNativeTarget;
			buildConfigurationList = 046EC71426B14A3400E64672 /* Build configuration list for PBXNativeTarget "PropertyWrappers" */;
			buildPhases = (
				046EC6FC26B14A2F00E64672 /* Sources */,
				046EC6FD26B14A2F00E64672 /* Frameworks */,
				046EC6FE26B14A2F00E64672 /* Resources */,
			);
			buildRules = (
			);
			dependencies = (
			);
			name = PropertyWrappers;
			productName = PropertyWrappers;
			productReference = 046EC70026B14A2F00E64672 /* PropertyWrappers.app */;
			productType = "com.apple.product-type.application";
		};
/* End PBXNativeTarget section */

/* Begin PBXProject section */
		046EC6F826B14A2F00E64672 /* Project object */ = {
			isa = PBXProject;
			attributes = {
				LastSwiftUpdateCheck = 1250;
				LastUpgradeCheck = 1250;
				TargetAttributes = {
					046EC6FF26B14A2F00E64672 = {
						CreatedOnToolsVersion = 12.5.1;
					};
				};
			};
			buildConfigurationList = 046EC6FB26B14A2F00E64672 /* Build configuration list for PBXProject "PropertyWrappers" */;
			compatibilityVersion = "Xcode 9.3";
			developmentRegion = en;
			hasScannedForEncodings = 0;
			knownRegions = (
				en,
				Base,
			);
			mainGroup = 046EC6F726B14A2F00E64672;
			productRefGroup = 046EC70126B14A2F00E64672 /* Products */;
			projectDirPath = "";
			projectRoot = "";
			targets = (
				046EC6FF26B14A2F00E64672 /* PropertyWrappers */,
			);
		};
/* End PBXProject section */

/* Begin PBXResourcesBuildPhase section */
		046EC6FE26B14A2F00E64672 /* Resources */ = {
			isa = PBXResourcesBuildPhase;
			buildActionMask = 2147483647;
			files = (
				046EC71026B14A3400E64672 /* LaunchScreen.storyboard in Resources */,
				046EC70D26B14A3400E64672 /* Preview Assets.xcassets in Resources */,
				046EC70A26B14A3400E64672 /* Assets.xcassets in Resources */,
			);
			runOnlyForDeploymentPostprocessing = 0;
		};
/* End PBXResourcesBuildPhase section */

/* Begin PBXSourcesBuildPhase section */
		046EC6FC26B14A2F00E64672 /* Sources */ = {
			isa = PBXSourcesBuildPhase;
			buildActionMask = 2147483647;
			files = (
				046EC71826B14FD500E64672 /* ModalSheetView.swift in Sources */,
				046EC70426B14A2F00E64672 /* AppDelegate.swift in Sources */,
				046EC70626B14A2F00E64672 /* SceneDelegate.swift in Sources */,
				046EC71A26B15D5B00E64672 /* User.swift in Sources */,
				046EC70826B14A2F00E64672 /* ContentView.swift in Sources */,
			);
			runOnlyForDeploymentPostprocessing = 0;
		};
/* End PBXSourcesBuildPhase section */

/* Begin PBXVariantGroup section */
		046EC70E26B14A3400E64672 /* LaunchScreen.storyboard */ = {
			isa = PBXVariantGroup;
			children = (
				046EC70F26B14A3400E64672 /* Base */,
			);
			name = LaunchScreen.storyboard;
			sourceTree = "<group>";
		};
/* End PBXVariantGroup section */

/* Begin XCBuildConfiguration section */
		046EC71226B14A3400E64672 /* Debug */ = {
			isa = XCBuildConfiguration;
			buildSettings = {
				ALWAYS_SEARCH_USER_PATHS = NO;
				CLANG_ANALYZER_NONNULL = YES;
				CLANG_ANALYZER_NUMBER_OBJECT_CONVERSION = YES_AGGRESSIVE;
				CLANG_CXX_LANGUAGE_STANDARD = "gnu++14";
				CLANG_CXX_LIBRARY = "libc++";
				CLANG_ENABLE_MODULES = YES;
				CLANG_ENABLE_OBJC_ARC = YES;
				CLANG_ENABLE_OBJC_WEAK = YES;
				CLANG_WARN_BLOCK_CAPTURE_AUTORELEASING = YES;
				CLANG_WARN_BOOL_CONVERSION = YES;
				CLANG_WARN_COMMA = YES;
				CLANG_WARN_CONSTANT_CONVERSION = YES;
				CLANG_WARN_DEPRECATED_OBJC_IMPLEMENTATIONS = YES;
				CLANG_WARN_DIRECT_OBJC_ISA_USAGE = YES_ERROR;
				CLANG_WARN_DOCUMENTATION_COMMENTS = YES;
				CLANG_WARN_EMPTY_BODY = YES;
				CLANG_WARN_ENUM_CONVERSION = YES;
				CLANG_WARN_INFINITE_RECURSION = YES;
				CLANG_WARN_INT_CONVERSION = YES;
				CLANG_WARN_NON_LITERAL_NULL_CONVERSION = YES;
				CLANG_WARN_OBJC_IMPLICIT_RETAIN_SELF = YES;
				CLANG_WARN_OBJC_LITERAL_CONVERSION = YES;
				CLANG_WARN_OBJC_ROOT_CLASS = YES_ERROR;
				CLANG_WARN_QUOTED_INCLUDE_IN_FRAMEWORK_HEADER = YES;
				CLANG_WARN_RANGE_LOOP_ANALYSIS = YES;
				CLANG_WARN_STRICT_PROTOTYPES = YES;
				CLANG_WARN_SUSPICIOUS_MOVE = YES;
				CLANG_WARN_UNGUARDED_AVAILABILITY = YES_AGGRESSIVE;
				CLANG_WARN_UNREACHABLE_CODE = YES;
				CLANG_WARN__DUPLICATE_METHOD_MATCH = YES;
				COPY_PHASE_STRIP = NO;
				DEBUG_INFORMATION_FORMAT = dwarf;
				ENABLE_STRICT_OBJC_MSGSEND = YES;
				ENABLE_TESTABILITY = YES;
				GCC_C_LANGUAGE_STANDARD = gnu11;
				GCC_DYNAMIC_NO_PIC = NO;
				GCC_NO_COMMON_BLOCKS = YES;
				GCC_OPTIMIZATION_LEVEL = 0;
				GCC_PREPROCESSOR_DEFINITIONS = (
					"DEBUG=1",
					"$(inherited)",
				);
				GCC_WARN_64_TO_32_BIT_CONVERSION = YES;
				GCC_WARN_ABOUT_RETURN_TYPE = YES_ERROR;
				GCC_WARN_UNDECLARED_SELECTOR = YES;
				GCC_WARN_UNINITIALIZED_AUTOS = YES_AGGRESSIVE;
				GCC_WARN_UNUSED_FUNCTION = YES;
				GCC_WARN_UNUSED_VARIABLE = YES;
				IPHONEOS_DEPLOYMENT_TARGET = 14.4;
				MTL_ENABLE_DEBUG_INFO = INCLUDE_SOURCE;
				MTL_FAST_MATH = YES;
				ONLY_ACTIVE_ARCH = YES;
				SDKROOT = iphoneos;
				SWIFT_ACTIVE_COMPILATION_CONDITIONS = DEBUG;
				SWIFT_OPTIMIZATION_LEVEL = "-Onone";
			};
			name = Debug;
		};
		046EC71326B14A3400E64672 /* Release */ = {
			isa = XCBuildConfiguration;
			buildSettings = {
				ALWAYS_SEARCH_USER_PATHS = NO;
				CLANG_ANALYZER_NONNULL = YES;
				CLANG_ANALYZER_NUMBER_OBJECT_CONVERSION = YES_AGGRESSIVE;
				CLANG_CXX_LANGUAGE_STANDARD = "gnu++14";
				CLANG_CXX_LIBRARY = "libc++";
				CLANG_ENABLE_MODULES = YES;
				CLANG_ENABLE_OBJC_ARC = YES;
				CLANG_ENABLE_OBJC_WEAK = YES;
				CLANG_WARN_BLOCK_CAPTURE_AUTORELEASING = YES;
				CLANG_WARN_BOOL_CONVERSION = YES;
				CLANG_WARN_COMMA = YES;
				CLANG_WARN_CONSTANT_CONVERSION = YES;
				CLANG_WARN_DEPRECATED_OBJC_IMPLEMENTATIONS = YES;
				CLANG_WARN_DIRECT_OBJC_ISA_USAGE = YES_ERROR;
				CLANG_WARN_DOCUMENTATION_COMMENTS = YES;
				CLANG_WARN_EMPTY_BODY = YES;
				CLANG_WARN_ENUM_CONVERSION = YES;
				CLANG_WARN_INFINITE_RECURSION = YES;
				CLANG_WARN_INT_CONVERSION = YES;
				CLANG_WARN_NON_LITERAL_NULL_CONVERSION = YES;
				CLANG_WARN_OBJC_IMPLICIT_RETAIN_SELF = YES;
				CLANG_WARN_OBJC_LITERAL_CONVERSION = YES;
				CLANG_WARN_OBJC_ROOT_CLASS = YES_ERROR;
				CLANG_WARN_QUOTED_INCLUDE_IN_FRAMEWORK_HEADER = YES;
				CLANG_WARN_RANGE_LOOP_ANALYSIS = YES;
				CLANG_WARN_STRICT_PROTOTYPES = YES;
				CLANG_WARN_SUSPICIOUS_MOVE = YES;
				CLANG_WARN_UNGUARDED_AVAILABILITY = YES_AGGRESSIVE;
				CLANG_WARN_UNREACHABLE_CODE = YES;
				CLANG_WARN__DUPLICATE_METHOD_MATCH = YES;
				COPY_PHASE_STRIP = NO;
				DEBUG_INFORMATION_FORMAT = "dwarf-with-dsym";
				ENABLE_NS_ASSERTIONS = NO;
				ENABLE_STRICT_OBJC_MSGSEND = YES;
				GCC_C_LANGUAGE_STANDARD = gnu11;
				GCC_NO_COMMON_BLOCKS = YES;
				GCC_WARN_64_TO_32_BIT_CONVERSION = YES;
				GCC_WARN_ABOUT_RETURN_TYPE = YES_ERROR;
				GCC_WARN_UNDECLARED_SELECTOR = YES;
				GCC_WARN_UNINITIALIZED_AUTOS = YES_AGGRESSIVE;
				GCC_WARN_UNUSED_FUNCTION = YES;
				GCC_WARN_UNUSED_VARIABLE = YES;
				IPHONEOS_DEPLOYMENT_TARGET = 14.4;
				MTL_ENABLE_DEBUG_INFO = NO;
				MTL_FAST_MATH = YES;
				SDKROOT = iphoneos;
				SWIFT_COMPILATION_MODE = wholemodule;
				SWIFT_OPTIMIZATION_LEVEL = "-O";
				VALIDATE_PRODUCT = YES;
			};
			name = Release;
		};
		046EC71526B14A3400E64672 /* Debug */ = {
			isa = XCBuildConfiguration;
			buildSettings = {
				ASSETCATALOG_COMPILER_APPICON_NAME = AppIcon;
				ASSETCATALOG_COMPILER_GLOBAL_ACCENT_COLOR_NAME = AccentColor;
				CODE_SIGN_STYLE = Automatic;
				DEVELOPMENT_ASSET_PATHS = "\"PropertyWrappers/Preview Content\"";
				DEVELOPMENT_TEAM = 24XFNJTF4T;
				ENABLE_PREVIEWS = YES;
				INFOPLIST_FILE = PropertyWrappers/Info.plist;
				LD_RUNPATH_SEARCH_PATHS = (
					"$(inherited)",
					"@executable_path/Frameworks",
				);
				PRODUCT_BUNDLE_IDENTIFIER = com.abhi.PropertyWrappers;
				PRODUCT_NAME = "$(TARGET_NAME)";
				SWIFT_VERSION = 5.0;
				TARGETED_DEVICE_FAMILY = "1,2";
			};
			name = Debug;
		};
		046EC71626B14A3400E64672 /* Release */ = {
			isa = XCBuildConfiguration;
			buildSettings = {
				ASSETCATALOG_COMPILER_APPICON_NAME = AppIcon;
				ASSETCATALOG_COMPILER_GLOBAL_ACCENT_COLOR_NAME = AccentColor;
				CODE_SIGN_STYLE = Automatic;
				DEVELOPMENT_ASSET_PATHS = "\"PropertyWrappers/Preview Content\"";
				DEVELOPMENT_TEAM = 24XFNJTF4T;
				ENABLE_PREVIEWS = YES;
				INFOPLIST_FILE = PropertyWrappers/Info.plist;
				LD_RUNPATH_SEARCH_PATHS = (
					"$(inherited)",
					"@executable_path/Frameworks",
				);
				PRODUCT_BUNDLE_IDENTIFIER = com.abhi.PropertyWrappers;
				PRODUCT_NAME = "$(TARGET_NAME)";
				SWIFT_VERSION = 5.0;
				TARGETED_DEVICE_FAMILY = "1,2";
			};
			name = Release;
		};
/* End XCBuildConfiguration section */

/* Begin XCConfigurationList section */
		046EC6FB26B14A2F00E64672 /* Build configuration list for PBXProject "PropertyWrappers" */ = {
			isa = XCConfigurationList;
			buildConfigurations = (
				046EC71226B14A3400E64672 /* Debug */,
				046EC71326B14A3400E64672 /* Release */,
			);
			defaultConfigurationIsVisible = 0;
			defaultConfigurationName = Release;
		};
		046EC71426B14A3400E64672 /* Build configuration list for PBXNativeTarget "PropertyWrappers" */ = {
			isa = XCConfigurationList;
			buildConfigurations = (
				046EC71526B14A3400E64672 /* Debug */,
				046EC71626B14A3400E64672 /* Release */,
			);
			defaultConfigurationIsVisible = 0;
			defaultConfigurationName = Release;
		};
/* End XCConfigurationList section */
	};
	rootObject = 046EC6F826B14A2F00E64672 /* Project object */;
}
